
Microsoft Visual Studio Solution File, Format Version 12.00
# Visual Studio Version 16
VisualStudioVersion = 16.0.30907.101
MinimumVisualStudioVersion = 10.0.40219.1
Project("{9A19103F-16F7-4668-BE54-9A1E7A4F7556}") = "CustomCollection", "CustomCollection\CustomCollection.csproj", "{D6FE1109-71F8-403E-8305-C6BB4CC1F35C}"
EndProject
Project("{FAE04EC0-301F-11D3-BF4B-00C04F79EFBC}") = "CustomCollection.Test", "CustomCollection.Test\CustomCollection.Test.csproj", "{6862D856-BC2D-4BD2-B264-4E90D921898D}"
EndProject
Global
	GlobalSection(SolutionConfigurationPlatforms) = preSolution
		Debug|Any CPU = Debug|Any CPU
		Release|Any CPU = Release|Any CPU
	EndGlobalSection
	GlobalSection(ProjectConfigurationPlatforms) = postSolution
		{D6FE1109-71F8-403E-8305-C6BB4CC1F35C}.Debug|Any CPU.ActiveCfg = Debug|Any CPU
		{D6FE1109-71F8-403E-8305-C6BB4CC1F35C}.Debug|Any CPU.Build.0 = Debug|Any CPU
		{D6FE1109-71F8-403E-8305-C6BB4CC1F35C}.Release|Any CPU.ActiveCfg = Release|Any CPU
		{D6FE1109-71F8-403E-8305-C6BB4CC1F35C}.Release|Any CPU.Build.0 = Release|Any CPU
		{6862D856-BC2D-4BD2-B264-4E90D921898D}.Debug|Any CPU.ActiveCfg = Debug|Any CPU
		{6862D856-BC2D-4BD2-B264-4E90D921898D}.Debug|Any CPU.Build.0 = Debug|Any CPU
		{6862D856-BC2D-4BD2-B264-4E90D921898D}.Release|Any CPU.ActiveCfg = Release|Any CPU
		{6862D856-BC2D-4BD2-B264-4E90D921898D}.Release|Any CPU.Build.0 = Release|Any CPU
	EndGlobalSection
	GlobalSection(SolutionProperties) = preSolution
		HideSolutionNode = FALSE
	EndGlobalSection
	GlobalSection(ExtensibilityGlobals) = postSolution
		SolutionGuid = {1D87B155-5B6A-454C-8B92-C527422D9227}
	EndGlobalSection
EndGlobal
